{
  "version": 4,
  "terraform_version": "1.3.6",
  "serial": 10,
  "lineage": "35f1cf9b-cc55-29c2-cede-c36868f6e7fd",
  "outputs": {},
  "resources": [
    {
      "mode": "managed",
      "type": "google_compute_instance",
      "name": "vm_production",
      "provider": "provider[\"registry.terraform.io/hashicorp/google\"]",
      "instances": [
        {
          "schema_version": 6,
          "attributes": {
            "advanced_machine_features": [],
            "allow_stopping_for_update": null,
            "attached_disk": [],
            "boot_disk": [
              {
                "auto_delete": true,
                "device_name": "terraform-instance",
                "disk_encryption_key_raw": "",
                "disk_encryption_key_sha256": "",
                "initialize_params": [
                  {
                    "image": "https://www.googleapis.com/compute/v1/projects/debian-cloud/global/images/debian-11-bullseye-v20230306",
                    "labels": {},
                    "size": 10,
                    "type": "pd-balanced"
                  }
                ],
                "kms_key_self_link": "",
                "mode": "READ_WRITE",
                "source": "https://www.googleapis.com/compute/v1/projects/chatbot-371908/zones/us-west1-a/disks/terraform-instance"
              }
            ],
            "can_ip_forward": false,
            "confidential_instance_config": [
              {
                "enable_confidential_compute": false
              }
            ],
            "cpu_platform": "Intel Broadwell",
            "current_status": "RUNNING",
            "deletion_protection": false,
            "description": "",
            "desired_status": null,
            "enable_display": false,
            "guest_accelerator": [],
            "hostname": "",
            "id": "projects/chatbot-371908/zones/us-west1-a/instances/terraform-instance",
            "instance_id": "7813118708005638984",
            "label_fingerprint": "42WmSpB8rSM=",
            "labels": {},
            "machine_type": "f1-micro",
            "metadata": {},
            "metadata_fingerprint": "Uch5CaNLj08=",
            "metadata_startup_script": null,
            "min_cpu_platform": "",
            "name": "terraform-instance",
            "network_interface": [
              {
                "access_config": [
                  {
                    "nat_ip": "35.197.92.177",
                    "network_tier": "PREMIUM",
                    "public_ptr_domain_name": ""
                  }
                ],
                "alias_ip_range": [],
                "ipv6_access_config": [],
                "ipv6_access_type": "",
                "name": "nic0",
                "network": "https://www.googleapis.com/compute/v1/projects/chatbot-371908/global/networks/default",
                "network_ip": "10.138.0.10",
                "nic_type": "",
                "queue_count": 0,
                "stack_type": "IPV4_ONLY",
                "subnetwork": "https://www.googleapis.com/compute/v1/projects/chatbot-371908/regions/us-west1/subnetworks/default",
                "subnetwork_project": "chatbot-371908"
              }
            ],
            "project": "chatbot-371908",
            "reservation_affinity": [
              {
                "specific_reservation": [],
                "type": "ANY_RESERVATION"
              }
            ],
            "resource_policies": [],
            "scheduling": [
              {
                "automatic_restart": true,
                "instance_termination_action": "",
                "min_node_cpus": 0,
                "node_affinities": [],
                "on_host_maintenance": "MIGRATE",
                "preemptible": false,
                "provisioning_model": "STANDARD"
              }
            ],
            "scratch_disk": [],
            "self_link": "https://www.googleapis.com/compute/v1/projects/chatbot-371908/zones/us-west1-a/instances/terraform-instance",
            "service_account": [
              {
                "email": "762989196519-compute@developer.gserviceaccount.com",
                "scopes": [
                  "https://www.googleapis.com/auth/devstorage.read_only",
                  "https://www.googleapis.com/auth/logging.write",
                  "https://www.googleapis.com/auth/monitoring.write",
                  "https://www.googleapis.com/auth/service.management.readonly",
                  "https://www.googleapis.com/auth/servicecontrol",
                  "https://www.googleapis.com/auth/trace.append"
                ]
              }
            ],
            "shielded_instance_config": [
              {
                "enable_integrity_monitoring": true,
                "enable_secure_boot": false,
                "enable_vtpm": true
              }
            ],
            "tags": [
              "managed-under-terraform",
              "production",
              "us-west1",
              "web-server"
            ],
            "tags_fingerprint": "6smc4R4d39I=",
            "timeouts": {
              "create": null,
              "delete": null,
              "update": null
            },
            "zone": "us-west1-a"
          },
          "sensitive_attributes": [],
          "private": "eyJlMmJmYjczMC1lY2FhLTExZTYtOGY4OC0zNDM2M2JjN2M0YzAiOnsiY3JlYXRlIjoxMjAwMDAwMDAwMDAwLCJkZWxldGUiOjEyMDAwMDAwMDAwMDAsInVwZGF0ZSI6MTIwMDAwMDAwMDAwMH0sInNjaGVtYV92ZXJzaW9uIjoiNiJ9"
        }
      ]
    },
    {
      "mode": "managed",
      "type": "google_sql_database_instance",
      "name": "cloud_sql_production",
      "provider": "provider[\"registry.terraform.io/hashicorp/google\"]",
      "instances": [
        {
          "schema_version": 0,
          "attributes": {
            "available_maintenance_versions": [],
            "clone": [],
            "connection_name": "chatbot-371908:us-west1:terraform-mysql",
            "database_version": "MYSQL_8_0",
            "deletion_protection": true,
            "encryption_key_name": null,
            "first_ip_address": "35.233.219.200",
            "id": "terraform-mysql",
            "instance_type": "CLOUD_SQL_INSTANCE",
            "ip_address": [
              {
                "ip_address": "35.233.219.200",
                "time_to_retire": "",
                "type": "PRIMARY"
              }
            ],
            "maintenance_version": "MYSQL_8_0_26.R20221108.00_08",
            "master_instance_name": "",
            "name": "terraform-mysql",
            "private_ip_address": "",
            "project": "chatbot-371908",
            "public_ip_address": "35.233.219.200",
            "region": "us-west1",
            "replica_configuration": [],
            "restore_backup_context": [],
            "root_password": null,
            "self_link": "https://sqladmin.googleapis.com/sql/v1beta4/projects/chatbot-371908/instances/terraform-mysql",
            "server_ca_cert": [
              {
                "cert": "-----BEGIN CERTIFICATE-----\nMIIDfzCCAmegAwIBAgIBADANBgkqhkiG9w0BAQsFADB3MS0wKwYDVQQuEyRiOGYy\nMjMyMi03MDJlLTQyMzMtYWQ1OC1hZjNjMjE0YmI2ZmQxIzAhBgNVBAMTGkdvb2ds\nZSBDbG91ZCBTUUwgU2VydmVyIENBMRQwEgYDVQQKEwtHb29nbGUsIEluYzELMAkG\nA1UEBhMCVVMwHhcNMjMwMzEzMTQxMDUxWhcNMzMwMzEwMTQxMTUxWjB3MS0wKwYD\nVQQuEyRiOGYyMjMyMi03MDJlLTQyMzMtYWQ1OC1hZjNjMjE0YmI2ZmQxIzAhBgNV\nBAMTGkdvb2dsZSBDbG91ZCBTUUwgU2VydmVyIENBMRQwEgYDVQQKEwtHb29nbGUs\nIEluYzELMAkGA1UEBhMCVVMwggEiMA0GCSqGSIb3DQEBAQUAA4IBDwAwggEKAoIB\nAQCuBFwZ5p/2vmJeOydbcMNcIuZoI6uO7rmQRcsD/SYxCegtPoxHbaQiA2Vqqp9R\nKI26PVHlxdwywM1lfq5Z80MspJsr/gSlmC+Knxe52T8g6Dz50voqItV8QVBCVGhm\nQ6VQEM53dBHpm0vQvb6wocGFRDhfOF7Zbnqym7VvimO4rMAh7y7Io4FyZqBj9gGF\nbiq2TJbJVE92DybI+0ING9zyhWWkVCX+QFkGnMg8gIIQ/uh28ykFWOQ+QMQV384D\n0Yh/56OQXXq1rKbeIOChMVaTC8yFUWWJvwLGOQVjQ0XYgwX2FBULSNFpygInuLmy\nwpdhH4mmYGf5FA4IGRIiYvDbAgMBAAGjFjAUMBIGA1UdEwEB/wQIMAYBAf8CAQAw\nDQYJKoZIhvcNAQELBQADggEBAGkRrfWkRr/sdKywnpiIoK9sC2A/f3RM9uCS/LtE\n/ZP74W8AzdWHwCRqXn1aWqPhbqAmiIaJ9QbMpNWn3+uDylJYQC0fG9nhInAas7rs\nxOLB1o627B5qwBNfmgeKFFkDccfKPZgwcJYl/1JcWk4ILuy1kWBvUtbXMM/amfxI\nWNIux+xPqOkGS4P1q9FqxpImJe7504OMHIfY100jecS/KU7s0G+j6wMnjgKukApd\nIO4Rk80PQOeciuS5ZXHo7+4aCHIvpa1TdtCUIYkfH6Y4izxW5RDPE8QI3AMx+xEm\njgspk8cc/mRaFWDca6XbHlY/8K1frWnaLIhyPGxzYd7iRpA=\n-----END CERTIFICATE-----",
                "common_name": "C=US,O=Google\\, Inc,CN=Google Cloud SQL Server CA,dnQualifier=b8f22322-702e-4233-ad58-af3c214bb6fd",
                "create_time": "2023-03-13T14:10:51.281Z",
                "expiration_time": "2033-03-10T14:11:51.281Z",
                "sha1_fingerprint": "66a45e28527c9fcb7a6a1ecff6930c628fc0255d"
              }
            ],
            "service_account_email_address": "p762989196519-3p9m93@gcp-sa-cloud-sql.iam.gserviceaccount.com",
            "settings": [
              {
                "activation_policy": "ALWAYS",
                "active_directory_config": [],
                "availability_type": "ZONAL",
                "backup_configuration": [
                  {
                    "backup_retention_settings": [
                      {
                        "retained_backups": 7,
                        "retention_unit": "COUNT"
                      }
                    ],
                    "binary_log_enabled": true,
                    "enabled": true,
                    "location": "us",
                    "point_in_time_recovery_enabled": false,
                    "start_time": "15:00",
                    "transaction_log_retention_days": 7
                  }
                ],
                "collation": "",
                "connector_enforcement": "NOT_REQUIRED",
                "database_flags": [],
                "deletion_protection_enabled": false,
                "deny_maintenance_period": [],
                "disk_autoresize": true,
                "disk_autoresize_limit": 0,
                "disk_size": 10,
                "disk_type": "PD_SSD",
                "insights_config": [],
                "ip_configuration": [
                  {
                    "allocated_ip_range": "",
                    "authorized_networks": [],
                    "enable_private_path_for_google_cloud_services": false,
                    "ipv4_enabled": true,
                    "private_network": "",
                    "require_ssl": false
                  }
                ],
                "location_preference": [
                  {
                    "follow_gae_application": "",
                    "secondary_zone": "",
                    "zone": "us-west1-a"
                  }
                ],
                "maintenance_window": [],
                "password_validation_policy": [],
                "pricing_plan": "PER_USE",
                "sql_server_audit_config": [],
                "tier": "db-n1-standard-1",
                "time_zone": "",
                "user_labels": {},
                "version": 1
              }
            ],
            "timeouts": {
              "create": null,
              "delete": null,
              "update": null
            }
          },
          "sensitive_attributes": [],
          "private": "eyJlMmJmYjczMC1lY2FhLTExZTYtOGY4OC0zNDM2M2JjN2M0YzAiOnsiY3JlYXRlIjoyNDAwMDAwMDAwMDAwLCJkZWxldGUiOjE4MDAwMDAwMDAwMDAsInVwZGF0ZSI6MTgwMDAwMDAwMDAwMH19"
        }
      ]
    }
  ],
  "check_results": null
}
